
Microsoft Visual Studio Solution File, Format Version 12.00
Project("{FAE04EC0-301F-11D3-BF4B-00C04F79EFBC}") = "Itk.Explorer.Ui", "Itk.Explorer.Ui\Itk.Explorer.Ui.csproj", "{E890A9C9-958D-48E9-BF74-BF4BFDB542DF}"
EndProject
Project("{FAE04EC0-301F-11D3-BF4B-00C04F79EFBC}") = "Itk.Explorer.Core", "Itk.Explorer.Core\Itk.Explorer.Core.csproj", "{9F2523CB-F700-4652-B0D3-B0CCDD63E1E3}"
EndProject
Global
	GlobalSection(SolutionConfigurationPlatforms) = preSolution
		Debug|Any CPU = Debug|Any CPU
		Release|Any CPU = Release|Any CPU
	EndGlobalSection
	GlobalSection(ProjectConfigurationPlatforms) = postSolution
		{E890A9C9-958D-48E9-BF74-BF4BFDB542DF}.Debug|Any CPU.ActiveCfg = Debug|Any CPU
		{E890A9C9-958D-48E9-BF74-BF4BFDB542DF}.Debug|Any CPU.Build.0 = Debug|Any CPU
		{E890A9C9-958D-48E9-BF74-BF4BFDB542DF}.Release|Any CPU.ActiveCfg = Release|Any CPU
		{E890A9C9-958D-48E9-BF74-BF4BFDB542DF}.Release|Any CPU.Build.0 = Release|Any CPU
		{9F2523CB-F700-4652-B0D3-B0CCDD63E1E3}.Debug|Any CPU.ActiveCfg = Debug|Any CPU
		{9F2523CB-F700-4652-B0D3-B0CCDD63E1E3}.Debug|Any CPU.Build.0 = Debug|Any CPU
		{9F2523CB-F700-4652-B0D3-B0CCDD63E1E3}.Release|Any CPU.ActiveCfg = Release|Any CPU
		{9F2523CB-F700-4652-B0D3-B0CCDD63E1E3}.Release|Any CPU.Build.0 = Release|Any CPU
	EndGlobalSection
EndGlobal
